
Microsoft Visual Studio Solution File, Format Version 12.00
# Visual Studio Version 17
VisualStudioVersion = 17.9.34526.213
MinimumVisualStudioVersion = 10.0.40219.1
Project("{9A19103F-16F7-4668-BE54-9A1E7A4F7556}") = "NugetDeFrog", "NugetDeFrog\NugetDeFrog.csproj", "{181D0815-6FD6-4DF4-8E3C-8031F7656DFD}"
EndProject
Project("{2150E333-8FDC-42A3-9474-1A3956D46DE8}") = "Solution Items", "Solution Items", "{9FD5F789-4289-44A9-BE86-52DDB5BC5604}"
	ProjectSection(SolutionItems) = preProject
		.editorconfig = .editorconfig
		..\appveyor.yml = ..\appveyor.yml
		Directory.Build.props = Directory.Build.props
		..\LICENSE = ..\LICENSE
		..\Notice.txt = ..\Notice.txt
		..\README.md = ..\README.md
		..\UpdateNotice.cmd = ..\UpdateNotice.cmd
	EndProjectSection
EndProject
Global
	GlobalSection(SolutionConfigurationPlatforms) = preSolution
		Debug|Any CPU = Debug|Any CPU
		Release|Any CPU = Release|Any CPU
	EndGlobalSection
	GlobalSection(ProjectConfigurationPlatforms) = postSolution
		{181D0815-6FD6-4DF4-8E3C-8031F7656DFD}.Debug|Any CPU.ActiveCfg = Debug|Any CPU
		{181D0815-6FD6-4DF4-8E3C-8031F7656DFD}.Debug|Any CPU.Build.0 = Debug|Any CPU
		{181D0815-6FD6-4DF4-8E3C-8031F7656DFD}.Release|Any CPU.ActiveCfg = Release|Any CPU
		{181D0815-6FD6-4DF4-8E3C-8031F7656DFD}.Release|Any CPU.Build.0 = Release|Any CPU
	EndGlobalSection
	GlobalSection(SolutionProperties) = preSolution
		HideSolutionNode = FALSE
	EndGlobalSection
	GlobalSection(ExtensibilityGlobals) = postSolution
		SolutionGuid = {B18BA277-2C7F-42B3-AF3C-6D3179F386EB}
	EndGlobalSection
EndGlobal
